
Microsoft Visual Studio Solution File, Format Version 12.00
# Visual Studio Version 17
VisualStudioVersion = 17.0.32014.148
MinimumVisualStudioVersion = 10.0.40219.1
Project("{9A19103F-16F7-4668-BE54-9A1E7A4F7556}") = "METU.MODEL", "METU.MODEL\METU.MODEL.csproj", "{423B4DA6-7F28-4B54-9A5A-93A808E67FCA}"
EndProject
Project("{9A19103F-16F7-4668-BE54-9A1E7A4F7556}") = "METU.CACHES", "METU.CACHES\METU.CACHES.csproj", "{B565A8C4-0A63-456A-9AB0-EF0DAF3ADB6E}"
EndProject
Project("{9A19103F-16F7-4668-BE54-9A1E7A4F7556}") = "METU.INTERFACE", "METU.INTERFACE\METU.INTERFACE.csproj", "{DA97C71B-18D0-4365-9E66-57C507466417}"
EndProject
Project("{9A19103F-16F7-4668-BE54-9A1E7A4F7556}") = "METU.CONFIGS", "METU.CONFIGS\METU.CONFIGS.csproj", "{9E76988D-648A-4582-A5F7-35F9A39C45E4}"
EndProject
Project("{9A19103F-16F7-4668-BE54-9A1E7A4F7556}") = "METU.REDIS", "METU.REDIS\METU.REDIS.csproj", "{2D60C955-30A5-4AEE-A5AC-B6926A9271BD}"
EndProject
Project("{9A19103F-16F7-4668-BE54-9A1E7A4F7556}") = "METU.LOG", "METU.LOG\METU.LOG.csproj", "{A65677A4-949A-41D1-9E06-C1EB6A5AC531}"
EndProject
Project("{9A19103F-16F7-4668-BE54-9A1E7A4F7556}") = "METU.EXCEPTIONS", "METU.EXCEPTIONS\METU.EXCEPTIONS.csproj", "{4969F440-8C6F-4D9F-B93D-88E060E6C6C1}"
EndProject
Project("{9A19103F-16F7-4668-BE54-9A1E7A4F7556}") = "METU.EXTENTIONS", "METU.EXTENTIONS\METU.EXTENTIONS.csproj", "{03A1C00C-5695-4787-92AE-C9B85EB6FC63}"
EndProject
Project("{9A19103F-16F7-4668-BE54-9A1E7A4F7556}") = "METU.CAMSTAR", "METU.CAMSTAR\METU.CAMSTAR.csproj", "{9E4B9DD6-F215-43E8-92D5-D12A3BC0BAAD}"
EndProject
Project("{9A19103F-16F7-4668-BE54-9A1E7A4F7556}") = "METU.SERVICES", "METU.SERVICES\METU.SERVICES.csproj", "{76F39281-929A-4C5C-BDE3-729B47570512}"
EndProject
Project("{9A19103F-16F7-4668-BE54-9A1E7A4F7556}") = "METU.MSSQL", "METU.MSSQL\METU.MSSQL.csproj", "{338D5C47-3708-47E5-A966-52F28D923270}"
EndProject
Project("{9A19103F-16F7-4668-BE54-9A1E7A4F7556}") = "METU.API", "METU.API\METU.API.csproj", "{EFCAB34A-3BE8-4C54-8A6D-FB5975C19C0C}"
EndProject
Project("{9A19103F-16F7-4668-BE54-9A1E7A4F7556}") = "METU.CORE", "METU.CORE\METU.CORE.csproj", "{E431E26D-A87F-45AA-B1A4-D11C3CD7511E}"
EndProject
Project("{9A19103F-16F7-4668-BE54-9A1E7A4F7556}") = "METU.ES", "METU.ES\METU.ES.csproj", "{9A31EAC4-0093-49B3-AA8D-B8571094F795}"
EndProject
Project("{9A19103F-16F7-4668-BE54-9A1E7A4F7556}") = "METU.TEST", "METU.TEST\METU.TEST.csproj", "{5911B10D-2827-4F37-92C8-FD3B61786555}"
EndProject
Project("{9A19103F-16F7-4668-BE54-9A1E7A4F7556}") = "METU.Quartz", "METU.Quartz\METU.Quartz.csproj", "{B1907F0A-FC7D-49E5-B0FD-D80AA2A2DE72}"
EndProject
Project("{9A19103F-16F7-4668-BE54-9A1E7A4F7556}") = "METU.BasicCore", "METU.BasicCore\METU.BasicCore.csproj", "{EB221FB4-1E03-4220-B3F6-B7005A37AAA9}"
EndProject
Project("{9A19103F-16F7-4668-BE54-9A1E7A4F7556}") = "METU.OAUTH2", "METU.OAUTH2\METU.OAUTH2.csproj", "{3C5C7493-45A4-41DD-9474-DD9BE2B59157}"
EndProject
Project("{9A19103F-16F7-4668-BE54-9A1E7A4F7556}") = "METU.Attributes", "METU.Attributes\METU.Attributes.csproj", "{6B1B824C-ECD8-4133-9ECE-BCCC88529FAB}"
EndProject
Project("{9A19103F-16F7-4668-BE54-9A1E7A4F7556}") = "METU.SSO", "METU.SSO\METU.SSO.csproj", "{4EC8A444-2F65-4D7D-94A5-933A55D33F6F}"
EndProject
Project("{9A19103F-16F7-4668-BE54-9A1E7A4F7556}") = "METU.IDS4Server", "METU.IDS4Server\METU.IDS4Server.csproj", "{20CA3AFB-4417-4FA5-9F04-03DE0D2AF898}"
EndProject
Project("{9A19103F-16F7-4668-BE54-9A1E7A4F7556}") = "METU.KAFKA", "METU.KAFKA\METU.KAFKA.csproj", "{A4CD6B24-882D-4D0F-ACB1-F91B9B1856DF}"
EndProject
Project("{9A19103F-16F7-4668-BE54-9A1E7A4F7556}") = "METU.RabbitMQ", "METU.RabbitMQ\METU.RabbitMQ.csproj", "{CF28C279-B049-4F16-B256-4CA167035EC0}"
EndProject
Project("{9A19103F-16F7-4668-BE54-9A1E7A4F7556}") = "METU.Eureka", "METU.Eureka\METU.Eureka.csproj", "{D2E97017-38A2-48E8-BFAF-FACB0334C51D}"
EndProject
Project("{9A19103F-16F7-4668-BE54-9A1E7A4F7556}") = "METU.OpenCV", "METU.OpenCV\METU.OpenCV.csproj", "{8801C097-CD97-46A4-A1C8-4A2A32E3BEB9}"
EndProject
Project("{9A19103F-16F7-4668-BE54-9A1E7A4F7556}") = "METU.Win", "METU.Win\METU.Win.csproj", "{D91CF157-68DA-4E83-A881-B19970B47EB2}"
EndProject
Project("{9A19103F-16F7-4668-BE54-9A1E7A4F7556}") = "METU.Admin", "METU.Admin\METU.Admin.csproj", "{48F5BD1B-4A73-454C-9F8B-A31CA428EBEB}"
EndProject
Project("{9A19103F-16F7-4668-BE54-9A1E7A4F7556}") = "METU.Client", "METU.Client\METU.Client.csproj", "{6A2B445B-EC18-4195-AE76-AA3424F639B3}"
EndProject
Project("{2150E333-8FDC-42A3-9474-1A3956D46DE8}") = "Solution Items", "Solution Items", "{4637C254-94BC-4B9A-8231-4334E9DCB868}"
	ProjectSection(SolutionItems) = preProject
		.editorconfig = .editorconfig
	EndProjectSection
EndProject
Project("{9A19103F-16F7-4668-BE54-9A1E7A4F7556}") = "METU.WorkerService", "METU.WorkerService\METU.WorkerService.csproj", "{89EF5E77-8C13-48EC-BF94-96549B4AA1CD}"
EndProject
Project("{9A19103F-16F7-4668-BE54-9A1E7A4F7556}") = "METU.Consul", "METU.Consul\METU.Consul.csproj", "{1AC6D753-15D7-4043-B70F-A9BED0442E2C}"
EndProject
Project("{9A19103F-16F7-4668-BE54-9A1E7A4F7556}") = "METU.Web", "METU.Web\METU.Web.csproj", "{378AA600-F250-41E2-A99B-577146C40433}"
EndProject
Project("{9A19103F-16F7-4668-BE54-9A1E7A4F7556}") = "METU.WEBAPI", "METU.WEBAPI\METU.WEBAPI.csproj", "{82829B9B-9720-4D16-ACD6-6E83F5ED5F25}"
EndProject
Project("{9A19103F-16F7-4668-BE54-9A1E7A4F7556}") = "METU", "METU\METU.csproj", "{2F559041-ED24-4BC7-81A5-64BBF8987275}"
EndProject
Project("{9A19103F-16F7-4668-BE54-9A1E7A4F7556}") = "METU.MODBUS", "METU.MODBUS\METU.MODBUS.csproj", "{CA170963-0DFA-4C68-94DB-B027DEEF9B68}"
EndProject
Project("{FAE04EC0-301F-11D3-BF4B-00C04F79EFBC}") = "METU.SerialCores", "METU.SerialCores\METU.SerialCores.csproj", "{4CF22922-28B4-4721-B47F-C56CB8FBE062}"
EndProject
Global
	GlobalSection(SolutionConfigurationPlatforms) = preSolution
		Debug|Any CPU = Debug|Any CPU
		Release|Any CPU = Release|Any CPU
	EndGlobalSection
	GlobalSection(ProjectConfigurationPlatforms) = postSolution
		{423B4DA6-7F28-4B54-9A5A-93A808E67FCA}.Debug|Any CPU.ActiveCfg = Debug|Any CPU
		{423B4DA6-7F28-4B54-9A5A-93A808E67FCA}.Debug|Any CPU.Build.0 = Debug|Any CPU
		{423B4DA6-7F28-4B54-9A5A-93A808E67FCA}.Release|Any CPU.ActiveCfg = Release|Any CPU
		{423B4DA6-7F28-4B54-9A5A-93A808E67FCA}.Release|Any CPU.Build.0 = Release|Any CPU
		{B565A8C4-0A63-456A-9AB0-EF0DAF3ADB6E}.Debug|Any CPU.ActiveCfg = Debug|Any CPU
		{B565A8C4-0A63-456A-9AB0-EF0DAF3ADB6E}.Debug|Any CPU.Build.0 = Debug|Any CPU
		{B565A8C4-0A63-456A-9AB0-EF0DAF3ADB6E}.Release|Any CPU.ActiveCfg = Release|Any CPU
		{B565A8C4-0A63-456A-9AB0-EF0DAF3ADB6E}.Release|Any CPU.Build.0 = Release|Any CPU
		{DA97C71B-18D0-4365-9E66-57C507466417}.Debug|Any CPU.ActiveCfg = Debug|Any CPU
		{DA97C71B-18D0-4365-9E66-57C507466417}.Debug|Any CPU.Build.0 = Debug|Any CPU
		{DA97C71B-18D0-4365-9E66-57C507466417}.Release|Any CPU.ActiveCfg = Release|Any CPU
		{DA97C71B-18D0-4365-9E66-57C507466417}.Release|Any CPU.Build.0 = Release|Any CPU
		{9E76988D-648A-4582-A5F7-35F9A39C45E4}.Debug|Any CPU.ActiveCfg = Debug|Any CPU
		{9E76988D-648A-4582-A5F7-35F9A39C45E4}.Debug|Any CPU.Build.0 = Debug|Any CPU
		{9E76988D-648A-4582-A5F7-35F9A39C45E4}.Release|Any CPU.ActiveCfg = Release|Any CPU
		{9E76988D-648A-4582-A5F7-35F9A39C45E4}.Release|Any CPU.Build.0 = Release|Any CPU
		{2D60C955-30A5-4AEE-A5AC-B6926A9271BD}.Debug|Any CPU.ActiveCfg = Debug|Any CPU
		{2D60C955-30A5-4AEE-A5AC-B6926A9271BD}.Debug|Any CPU.Build.0 = Debug|Any CPU
		{2D60C955-30A5-4AEE-A5AC-B6926A9271BD}.Release|Any CPU.ActiveCfg = Release|Any CPU
		{2D60C955-30A5-4AEE-A5AC-B6926A9271BD}.Release|Any CPU.Build.0 = Release|Any CPU
		{A65677A4-949A-41D1-9E06-C1EB6A5AC531}.Debug|Any CPU.ActiveCfg = Debug|Any CPU
		{A65677A4-949A-41D1-9E06-C1EB6A5AC531}.Debug|Any CPU.Build.0 = Debug|Any CPU
		{A65677A4-949A-41D1-9E06-C1EB6A5AC531}.Release|Any CPU.ActiveCfg = Release|Any CPU
		{A65677A4-949A-41D1-9E06-C1EB6A5AC531}.Release|Any CPU.Build.0 = Release|Any CPU
		{4969F440-8C6F-4D9F-B93D-88E060E6C6C1}.Debug|Any CPU.ActiveCfg = Debug|Any CPU
		{4969F440-8C6F-4D9F-B93D-88E060E6C6C1}.Debug|Any CPU.Build.0 = Debug|Any CPU
		{4969F440-8C6F-4D9F-B93D-88E060E6C6C1}.Release|Any CPU.ActiveCfg = Release|Any CPU
		{4969F440-8C6F-4D9F-B93D-88E060E6C6C1}.Release|Any CPU.Build.0 = Release|Any CPU
		{03A1C00C-5695-4787-92AE-C9B85EB6FC63}.Debug|Any CPU.ActiveCfg = Debug|Any CPU
		{03A1C00C-5695-4787-92AE-C9B85EB6FC63}.Debug|Any CPU.Build.0 = Debug|Any CPU
		{03A1C00C-5695-4787-92AE-C9B85EB6FC63}.Release|Any CPU.ActiveCfg = Release|Any CPU
		{03A1C00C-5695-4787-92AE-C9B85EB6FC63}.Release|Any CPU.Build.0 = Release|Any CPU
		{9E4B9DD6-F215-43E8-92D5-D12A3BC0BAAD}.Debug|Any CPU.ActiveCfg = Debug|Any CPU
		{9E4B9DD6-F215-43E8-92D5-D12A3BC0BAAD}.Debug|Any CPU.Build.0 = Debug|Any CPU
		{9E4B9DD6-F215-43E8-92D5-D12A3BC0BAAD}.Release|Any CPU.ActiveCfg = Release|Any CPU
		{9E4B9DD6-F215-43E8-92D5-D12A3BC0BAAD}.Release|Any CPU.Build.0 = Release|Any CPU
		{76F39281-929A-4C5C-BDE3-729B47570512}.Debug|Any CPU.ActiveCfg = Debug|Any CPU
		{76F39281-929A-4C5C-BDE3-729B47570512}.Debug|Any CPU.Build.0 = Debug|Any CPU
		{76F39281-929A-4C5C-BDE3-729B47570512}.Release|Any CPU.ActiveCfg = Release|Any CPU
		{76F39281-929A-4C5C-BDE3-729B47570512}.Release|Any CPU.Build.0 = Release|Any CPU
		{338D5C47-3708-47E5-A966-52F28D923270}.Debug|Any CPU.ActiveCfg = Debug|Any CPU
		{338D5C47-3708-47E5-A966-52F28D923270}.Debug|Any CPU.Build.0 = Debug|Any CPU
		{338D5C47-3708-47E5-A966-52F28D923270}.Release|Any CPU.ActiveCfg = Release|Any CPU
		{338D5C47-3708-47E5-A966-52F28D923270}.Release|Any CPU.Build.0 = Release|Any CPU
		{EFCAB34A-3BE8-4C54-8A6D-FB5975C19C0C}.Debug|Any CPU.ActiveCfg = Debug|Any CPU
		{EFCAB34A-3BE8-4C54-8A6D-FB5975C19C0C}.Debug|Any CPU.Build.0 = Debug|Any CPU
		{EFCAB34A-3BE8-4C54-8A6D-FB5975C19C0C}.Release|Any CPU.ActiveCfg = Release|Any CPU
		{EFCAB34A-3BE8-4C54-8A6D-FB5975C19C0C}.Release|Any CPU.Build.0 = Release|Any CPU
		{E431E26D-A87F-45AA-B1A4-D11C3CD7511E}.Debug|Any CPU.ActiveCfg = Debug|Any CPU
		{E431E26D-A87F-45AA-B1A4-D11C3CD7511E}.Debug|Any CPU.Build.0 = Debug|Any CPU
		{E431E26D-A87F-45AA-B1A4-D11C3CD7511E}.Release|Any CPU.ActiveCfg = Release|Any CPU
		{E431E26D-A87F-45AA-B1A4-D11C3CD7511E}.Release|Any CPU.Build.0 = Release|Any CPU
		{9A31EAC4-0093-49B3-AA8D-B8571094F795}.Debug|Any CPU.ActiveCfg = Debug|Any CPU
		{9A31EAC4-0093-49B3-AA8D-B8571094F795}.Debug|Any CPU.Build.0 = Debug|Any CPU
		{9A31EAC4-0093-49B3-AA8D-B8571094F795}.Release|Any CPU.ActiveCfg = Release|Any CPU
		{9A31EAC4-0093-49B3-AA8D-B8571094F795}.Release|Any CPU.Build.0 = Release|Any CPU
		{5911B10D-2827-4F37-92C8-FD3B61786555}.Debug|Any CPU.ActiveCfg = Debug|Any CPU
		{5911B10D-2827-4F37-92C8-FD3B61786555}.Debug|Any CPU.Build.0 = Debug|Any CPU
		{5911B10D-2827-4F37-92C8-FD3B61786555}.Release|Any CPU.ActiveCfg = Release|Any CPU
		{5911B10D-2827-4F37-92C8-FD3B61786555}.Release|Any CPU.Build.0 = Release|Any CPU
		{B1907F0A-FC7D-49E5-B0FD-D80AA2A2DE72}.Debug|Any CPU.ActiveCfg = Debug|Any CPU
		{B1907F0A-FC7D-49E5-B0FD-D80AA2A2DE72}.Debug|Any CPU.Build.0 = Debug|Any CPU
		{B1907F0A-FC7D-49E5-B0FD-D80AA2A2DE72}.Release|Any CPU.ActiveCfg = Release|Any CPU
		{B1907F0A-FC7D-49E5-B0FD-D80AA2A2DE72}.Release|Any CPU.Build.0 = Release|Any CPU
		{EB221FB4-1E03-4220-B3F6-B7005A37AAA9}.Debug|Any CPU.ActiveCfg = Debug|Any CPU
		{EB221FB4-1E03-4220-B3F6-B7005A37AAA9}.Debug|Any CPU.Build.0 = Debug|Any CPU
		{EB221FB4-1E03-4220-B3F6-B7005A37AAA9}.Release|Any CPU.ActiveCfg = Release|Any CPU
		{EB221FB4-1E03-4220-B3F6-B7005A37AAA9}.Release|Any CPU.Build.0 = Release|Any CPU
		{3C5C7493-45A4-41DD-9474-DD9BE2B59157}.Debug|Any CPU.ActiveCfg = Debug|Any CPU
		{3C5C7493-45A4-41DD-9474-DD9BE2B59157}.Debug|Any CPU.Build.0 = Debug|Any CPU
		{3C5C7493-45A4-41DD-9474-DD9BE2B59157}.Release|Any CPU.ActiveCfg = Release|Any CPU
		{3C5C7493-45A4-41DD-9474-DD9BE2B59157}.Release|Any CPU.Build.0 = Release|Any CPU
		{6B1B824C-ECD8-4133-9ECE-BCCC88529FAB}.Debug|Any CPU.ActiveCfg = Debug|Any CPU
		{6B1B824C-ECD8-4133-9ECE-BCCC88529FAB}.Debug|Any CPU.Build.0 = Debug|Any CPU
		{6B1B824C-ECD8-4133-9ECE-BCCC88529FAB}.Release|Any CPU.ActiveCfg = Release|Any CPU
		{6B1B824C-ECD8-4133-9ECE-BCCC88529FAB}.Release|Any CPU.Build.0 = Release|Any CPU
		{4EC8A444-2F65-4D7D-94A5-933A55D33F6F}.Debug|Any CPU.ActiveCfg = Debug|Any CPU
		{4EC8A444-2F65-4D7D-94A5-933A55D33F6F}.Debug|Any CPU.Build.0 = Debug|Any CPU
		{4EC8A444-2F65-4D7D-94A5-933A55D33F6F}.Release|Any CPU.ActiveCfg = Release|Any CPU
		{4EC8A444-2F65-4D7D-94A5-933A55D33F6F}.Release|Any CPU.Build.0 = Release|Any CPU
		{20CA3AFB-4417-4FA5-9F04-03DE0D2AF898}.Debug|Any CPU.ActiveCfg = Debug|Any CPU
		{20CA3AFB-4417-4FA5-9F04-03DE0D2AF898}.Debug|Any CPU.Build.0 = Debug|Any CPU
		{20CA3AFB-4417-4FA5-9F04-03DE0D2AF898}.Release|Any CPU.ActiveCfg = Release|Any CPU
		{20CA3AFB-4417-4FA5-9F04-03DE0D2AF898}.Release|Any CPU.Build.0 = Release|Any CPU
		{A4CD6B24-882D-4D0F-ACB1-F91B9B1856DF}.Debug|Any CPU.ActiveCfg = Debug|Any CPU
		{A4CD6B24-882D-4D0F-ACB1-F91B9B1856DF}.Debug|Any CPU.Build.0 = Debug|Any CPU
		{A4CD6B24-882D-4D0F-ACB1-F91B9B1856DF}.Release|Any CPU.ActiveCfg = Release|Any CPU
		{A4CD6B24-882D-4D0F-ACB1-F91B9B1856DF}.Release|Any CPU.Build.0 = Release|Any CPU
		{CF28C279-B049-4F16-B256-4CA167035EC0}.Debug|Any CPU.ActiveCfg = Debug|Any CPU
		{CF28C279-B049-4F16-B256-4CA167035EC0}.Debug|Any CPU.Build.0 = Debug|Any CPU
		{CF28C279-B049-4F16-B256-4CA167035EC0}.Release|Any CPU.ActiveCfg = Release|Any CPU
		{CF28C279-B049-4F16-B256-4CA167035EC0}.Release|Any CPU.Build.0 = Release|Any CPU
		{D2E97017-38A2-48E8-BFAF-FACB0334C51D}.Debug|Any CPU.ActiveCfg = Debug|Any CPU
		{D2E97017-38A2-48E8-BFAF-FACB0334C51D}.Debug|Any CPU.Build.0 = Debug|Any CPU
		{D2E97017-38A2-48E8-BFAF-FACB0334C51D}.Release|Any CPU.ActiveCfg = Release|Any CPU
		{D2E97017-38A2-48E8-BFAF-FACB0334C51D}.Release|Any CPU.Build.0 = Release|Any CPU
		{8801C097-CD97-46A4-A1C8-4A2A32E3BEB9}.Debug|Any CPU.ActiveCfg = Debug|Any CPU
		{8801C097-CD97-46A4-A1C8-4A2A32E3BEB9}.Debug|Any CPU.Build.0 = Debug|Any CPU
		{8801C097-CD97-46A4-A1C8-4A2A32E3BEB9}.Release|Any CPU.ActiveCfg = Release|Any CPU
		{8801C097-CD97-46A4-A1C8-4A2A32E3BEB9}.Release|Any CPU.Build.0 = Release|Any CPU
		{D91CF157-68DA-4E83-A881-B19970B47EB2}.Debug|Any CPU.ActiveCfg = Debug|Any CPU
		{D91CF157-68DA-4E83-A881-B19970B47EB2}.Debug|Any CPU.Build.0 = Debug|Any CPU
		{D91CF157-68DA-4E83-A881-B19970B47EB2}.Release|Any CPU.ActiveCfg = Release|Any CPU
		{D91CF157-68DA-4E83-A881-B19970B47EB2}.Release|Any CPU.Build.0 = Release|Any CPU
		{48F5BD1B-4A73-454C-9F8B-A31CA428EBEB}.Debug|Any CPU.ActiveCfg = Debug|Any CPU
		{48F5BD1B-4A73-454C-9F8B-A31CA428EBEB}.Debug|Any CPU.Build.0 = Debug|Any CPU
		{48F5BD1B-4A73-454C-9F8B-A31CA428EBEB}.Release|Any CPU.ActiveCfg = Release|Any CPU
		{48F5BD1B-4A73-454C-9F8B-A31CA428EBEB}.Release|Any CPU.Build.0 = Release|Any CPU
		{6A2B445B-EC18-4195-AE76-AA3424F639B3}.Debug|Any CPU.ActiveCfg = Debug|Any CPU
		{6A2B445B-EC18-4195-AE76-AA3424F639B3}.Debug|Any CPU.Build.0 = Debug|Any CPU
		{6A2B445B-EC18-4195-AE76-AA3424F639B3}.Release|Any CPU.ActiveCfg = Release|Any CPU
		{6A2B445B-EC18-4195-AE76-AA3424F639B3}.Release|Any CPU.Build.0 = Release|Any CPU
		{89EF5E77-8C13-48EC-BF94-96549B4AA1CD}.Debug|Any CPU.ActiveCfg = Debug|Any CPU
		{89EF5E77-8C13-48EC-BF94-96549B4AA1CD}.Debug|Any CPU.Build.0 = Debug|Any CPU
		{89EF5E77-8C13-48EC-BF94-96549B4AA1CD}.Release|Any CPU.ActiveCfg = Release|Any CPU
		{89EF5E77-8C13-48EC-BF94-96549B4AA1CD}.Release|Any CPU.Build.0 = Release|Any CPU
		{1AC6D753-15D7-4043-B70F-A9BED0442E2C}.Debug|Any CPU.ActiveCfg = Debug|Any CPU
		{1AC6D753-15D7-4043-B70F-A9BED0442E2C}.Debug|Any CPU.Build.0 = Debug|Any CPU
		{1AC6D753-15D7-4043-B70F-A9BED0442E2C}.Release|Any CPU.ActiveCfg = Release|Any CPU
		{1AC6D753-15D7-4043-B70F-A9BED0442E2C}.Release|Any CPU.Build.0 = Release|Any CPU
		{378AA600-F250-41E2-A99B-577146C40433}.Debug|Any CPU.ActiveCfg = Debug|Any CPU
		{378AA600-F250-41E2-A99B-577146C40433}.Debug|Any CPU.Build.0 = Debug|Any CPU
		{378AA600-F250-41E2-A99B-577146C40433}.Release|Any CPU.ActiveCfg = Release|Any CPU
		{378AA600-F250-41E2-A99B-577146C40433}.Release|Any CPU.Build.0 = Release|Any CPU
		{82829B9B-9720-4D16-ACD6-6E83F5ED5F25}.Debug|Any CPU.ActiveCfg = Debug|Any CPU
		{82829B9B-9720-4D16-ACD6-6E83F5ED5F25}.Debug|Any CPU.Build.0 = Debug|Any CPU
		{82829B9B-9720-4D16-ACD6-6E83F5ED5F25}.Release|Any CPU.ActiveCfg = Release|Any CPU
		{82829B9B-9720-4D16-ACD6-6E83F5ED5F25}.Release|Any CPU.Build.0 = Release|Any CPU
		{2F559041-ED24-4BC7-81A5-64BBF8987275}.Debug|Any CPU.ActiveCfg = Debug|Any CPU
		{2F559041-ED24-4BC7-81A5-64BBF8987275}.Debug|Any CPU.Build.0 = Debug|Any CPU
		{2F559041-ED24-4BC7-81A5-64BBF8987275}.Release|Any CPU.ActiveCfg = Release|Any CPU
		{2F559041-ED24-4BC7-81A5-64BBF8987275}.Release|Any CPU.Build.0 = Release|Any CPU
		{CA170963-0DFA-4C68-94DB-B027DEEF9B68}.Debug|Any CPU.ActiveCfg = Debug|Any CPU
		{CA170963-0DFA-4C68-94DB-B027DEEF9B68}.Debug|Any CPU.Build.0 = Debug|Any CPU
		{CA170963-0DFA-4C68-94DB-B027DEEF9B68}.Release|Any CPU.ActiveCfg = Release|Any CPU
		{CA170963-0DFA-4C68-94DB-B027DEEF9B68}.Release|Any CPU.Build.0 = Release|Any CPU
		{4CF22922-28B4-4721-B47F-C56CB8FBE062}.Debug|Any CPU.ActiveCfg = Debug|Any CPU
		{4CF22922-28B4-4721-B47F-C56CB8FBE062}.Debug|Any CPU.Build.0 = Debug|Any CPU
		{4CF22922-28B4-4721-B47F-C56CB8FBE062}.Release|Any CPU.ActiveCfg = Release|Any CPU
		{4CF22922-28B4-4721-B47F-C56CB8FBE062}.Release|Any CPU.Build.0 = Release|Any CPU
	EndGlobalSection
	GlobalSection(SolutionProperties) = preSolution
		HideSolutionNode = FALSE
	EndGlobalSection
	GlobalSection(ExtensibilityGlobals) = postSolution
		SolutionGuid = {D0A2761C-91CF-4ECE-AF46-4EA49D3F4573}
	EndGlobalSection
EndGlobal
